
Microsoft Visual Studio Solution File, Format Version 12.00
# Visual Studio Version 16
VisualStudioVersion = 16.0.30804.86
MinimumVisualStudioVersion = 10.0.40219.1
Project("{8BC9CEB8-8B4A-11D0-8D11-00A0C91BC942}") = "Task_6", "Task_6.vcxproj", "{ACF707DE-A91B-4D70-AB60-823C039D108A}"
EndProject
Global
	GlobalSection(SolutionConfigurationPlatforms) = preSolution
		Debug|x64 = Debug|x64
		Debug|x86 = Debug|x86
		Release|x64 = Release|x64
		Release|x86 = Release|x86
	EndGlobalSection
	GlobalSection(ProjectConfigurationPlatforms) = postSolution
		{ACF707DE-A91B-4D70-AB60-823C039D108A}.Debug|x64.ActiveCfg = Debug|x64
		{ACF707DE-A91B-4D70-AB60-823C039D108A}.Debug|x64.Build.0 = Debug|x64
		{ACF707DE-A91B-4D70-AB60-823C039D108A}.Debug|x86.ActiveCfg = Debug|Win32
		{ACF707DE-A91B-4D70-AB60-823C039D108A}.Debug|x86.Build.0 = Debug|Win32
		{ACF707DE-A91B-4D70-AB60-823C039D108A}.Release|x64.ActiveCfg = Release|x64
		{ACF707DE-A91B-4D70-AB60-823C039D108A}.Release|x64.Build.0 = Release|x64
		{ACF707DE-A91B-4D70-AB60-823C039D108A}.Release|x86.ActiveCfg = Release|Win32
		{ACF707DE-A91B-4D70-AB60-823C039D108A}.Release|x86.Build.0 = Release|Win32
	EndGlobalSection
	GlobalSection(SolutionProperties) = preSolution
		HideSolutionNode = FALSE
	EndGlobalSection
	GlobalSection(ExtensibilityGlobals) = postSolution
		SolutionGuid = {59CD0B8E-20F9-4B36-B0C9-862DCC9C74E3}
	EndGlobalSection
EndGlobal
