
Microsoft Visual Studio Solution File, Format Version 12.00
# Visual Studio Version 16
VisualStudioVersion = 16.0.30611.23
MinimumVisualStudioVersion = 10.0.40219.1
Project("{8BC9CEB8-8B4A-11D0-8D11-00A0C91BC942}") = "Task_7", "Task_7.vcxproj", "{D05ACE48-5164-4F5D-B5A8-771489C985BD}"
EndProject
Global
	GlobalSection(SolutionConfigurationPlatforms) = preSolution
		Debug|x64 = Debug|x64
		Debug|x86 = Debug|x86
		Release|x64 = Release|x64
		Release|x86 = Release|x86
	EndGlobalSection
	GlobalSection(ProjectConfigurationPlatforms) = postSolution
		{D05ACE48-5164-4F5D-B5A8-771489C985BD}.Debug|x64.ActiveCfg = Debug|x64
		{D05ACE48-5164-4F5D-B5A8-771489C985BD}.Debug|x64.Build.0 = Debug|x64
		{D05ACE48-5164-4F5D-B5A8-771489C985BD}.Debug|x86.ActiveCfg = Debug|Win32
		{D05ACE48-5164-4F5D-B5A8-771489C985BD}.Debug|x86.Build.0 = Debug|Win32
		{D05ACE48-5164-4F5D-B5A8-771489C985BD}.Release|x64.ActiveCfg = Release|x64
		{D05ACE48-5164-4F5D-B5A8-771489C985BD}.Release|x64.Build.0 = Release|x64
		{D05ACE48-5164-4F5D-B5A8-771489C985BD}.Release|x86.ActiveCfg = Release|Win32
		{D05ACE48-5164-4F5D-B5A8-771489C985BD}.Release|x86.Build.0 = Release|Win32
	EndGlobalSection
	GlobalSection(SolutionProperties) = preSolution
		HideSolutionNode = FALSE
	EndGlobalSection
	GlobalSection(ExtensibilityGlobals) = postSolution
		SolutionGuid = {3434EA3E-8F63-4F51-8FAF-C1ED4C4209F4}
	EndGlobalSection
EndGlobal
